
Microsoft Visual Studio Solution File, Format Version 12.00
# Visual Studio 15
VisualStudioVersion = 15.0.28307.421
MinimumVisualStudioVersion = 10.0.40219.1
Project("{FAE04EC0-301F-11D3-BF4B-00C04F79EFBC}") = "Rumah_Idaman", "Rumah_Idaman\Rumah_Idaman.csproj", "{EA7D7339-73E6-4BC0-950D-C25D6684786E}"
EndProject
Global
	GlobalSection(SolutionConfigurationPlatforms) = preSolution
		Debug|Any CPU = Debug|Any CPU
		Release|Any CPU = Release|Any CPU
	EndGlobalSection
	GlobalSection(ProjectConfigurationPlatforms) = postSolution
		{EA7D7339-73E6-4BC0-950D-C25D6684786E}.Debug|Any CPU.ActiveCfg = Debug|Any CPU
		{EA7D7339-73E6-4BC0-950D-C25D6684786E}.Debug|Any CPU.Build.0 = Debug|Any CPU
		{EA7D7339-73E6-4BC0-950D-C25D6684786E}.Release|Any CPU.ActiveCfg = Release|Any CPU
		{EA7D7339-73E6-4BC0-950D-C25D6684786E}.Release|Any CPU.Build.0 = Release|Any CPU
	EndGlobalSection
	GlobalSection(SolutionProperties) = preSolution
		HideSolutionNode = FALSE
	EndGlobalSection
	GlobalSection(ExtensibilityGlobals) = postSolution
		SolutionGuid = {762DF159-3367-487D-A1C1-50F10D718B45}
	EndGlobalSection
EndGlobal
